// !$*UTF8*$!
{
	archiveVersion = 1;
	classes = {
	};
	objectVersion = 46;
	objects = {

/* Begin PBXBuildFile section */
		A866684A1CA15F7D001CCECD /* AppDelegate.swift in Sources */ = {isa = PBXBuildFile; fileRef = A86668491CA15F7D001CCECD /* AppDelegate.swift */; };
		A866684C1CA15F7D001CCECD /* ViewController.swift in Sources */ = {isa = PBXBuildFile; fileRef = A866684B1CA15F7D001CCECD /* ViewController.swift */; };
		A866684F1CA15F7D001CCECD /* Main.storyboard in Resources */ = {isa = PBXBuildFile; fileRef = A866684D1CA15F7D001CCECD /* Main.storyboard */; };
		A86668511CA15F7D001CCECD /* Assets.xcassets in Resources */ = {isa = PBXBuildFile; fileRef = A86668501CA15F7D001CCECD /* Assets.xcassets */; };
		A86668541CA15F7D001CCECD /* LaunchScreen.storyboard in Resources */ = {isa = PBXBuildFile; fileRef = A86668521CA15F7D001CCECD /* LaunchScreen.storyboard */; };
		A866685F1CA15F7D001CCECD /* iOS_handon_SwiftTests.swift in Sources */ = {isa = PBXBuildFile; fileRef = A866685E1CA15F7D001CCECD /* iOS_handon_SwiftTests.swift */; };
		A866686A1CA15F7D001CCECD /* iOS_handon_SwiftUITests.swift in Sources */ = {isa = PBXBuildFile; fileRef = A86668691CA15F7D001CCECD /* iOS_handon_SwiftUITests.swift */; };
		A866687B1CA21E4B001CCECD /* SkyWay.framework in Frameworks */ = {isa = PBXBuildFile; fileRef = A866687A1CA21E4B001CCECD /* SkyWay.framework */; };
		A86668861CA3D576001CCECD /* PeerListViewController.swift in Sources */ = {isa = PBXBuildFile; fileRef = A86668851CA3D576001CCECD /* PeerListViewController.swift */; };
		A866688A1CA40051001CCECD /* DataConnectionViewController.swift in Sources */ = {isa = PBXBuildFile; fileRef = A86668891CA40051001CCECD /* DataConnectionViewController.swift */; };
		A86B7AEC1CA1A13100EA9575 /* MediaConnectionViewController.swift in Sources */ = {isa = PBXBuildFile; fileRef = A86B7AEB1CA1A13100EA9575 /* MediaConnectionViewController.swift */; };
		A86B7AF11CA1A30600EA9575 /* AudioToolbox.framework in Frameworks */ = {isa = PBXBuildFile; fileRef = A86B7AF01CA1A30600EA9575 /* AudioToolbox.framework */; };
		A86B7AF31CA1A30D00EA9575 /* AVFoundation.framework in Frameworks */ = {isa = PBXBuildFile; fileRef = A86B7AF21CA1A30D00EA9575 /* AVFoundation.framework */; };
		A86B7AF51CA1A31500EA9575 /* CoreMedia.framework in Frameworks */ = {isa = PBXBuildFile; fileRef = A86B7AF41CA1A31500EA9575 /* CoreMedia.framework */; };
		A86B7AF71CA1A31F00EA9575 /* CoreVideo.framework in Frameworks */ = {isa = PBXBuildFile; fileRef = A86B7AF61CA1A31F00EA9575 /* CoreVideo.framework */; };
		A86B7AF91CA1A32A00EA9575 /* VideoToolbox.framework in Frameworks */ = {isa = PBXBuildFile; fileRef = A86B7AF81CA1A32900EA9575 /* VideoToolbox.framework */; };
		A86B7AFB1CA1A33300EA9575 /* CoreGraphics.framework in Frameworks */ = {isa = PBXBuildFile; fileRef = A86B7AFA1CA1A33300EA9575 /* CoreGraphics.framework */; };
		A86B7AFD1CA1A33D00EA9575 /* Foundation.framework in Frameworks */ = {isa = PBXBuildFile; fileRef = A86B7AFC1CA1A33D00EA9575 /* Foundation.framework */; };
		A86B7AFF1CA1A34600EA9575 /* GLKit.framework in Frameworks */ = {isa = PBXBuildFile; fileRef = A86B7AFE1CA1A34600EA9575 /* GLKit.framework */; };
		A86B7B011CA1A35200EA9575 /* SystemConfiguration.framework in Frameworks */ = {isa = PBXBuildFile; fileRef = A86B7B001CA1A35200EA9575 /* SystemConfiguration.framework */; };
		A86B7B031CA1A38900EA9575 /* libc++.tbd in Frameworks */ = {isa = PBXBuildFile; fileRef = A86B7B021CA1A38900EA9575 /* libc++.tbd */; };
		A86B7B051CA1A39700EA9575 /* libstdc++.6.0.9.tbd in Frameworks */ = {isa = PBXBuildFile; fileRef = A86B7B041CA1A39700EA9575 /* libstdc++.6.0.9.tbd */; };
		A86B7B071CA1A3A400EA9575 /* libsqlite3.tbd in Frameworks */ = {isa = PBXBuildFile; fileRef = A86B7B061CA1A3A400EA9575 /* libsqlite3.tbd */; };
		A86B7B091CA1A3B000EA9575 /* libicucore.tbd in Frameworks */ = {isa = PBXBuildFile; fileRef = A86B7B081CA1A3B000EA9575 /* libicucore.tbd */; };
/* End PBXBuildFile section */

/* Begin PBXContainerItemProxy section */
		A866685B1CA15F7D001CCECD /* PBXContainerItemProxy */ = {
			isa = PBXContainerItemProxy;
			containerPortal = A866683E1CA15F7D001CCECD /* Project object */;
			proxyType = 1;
			remoteGlobalIDString = A86668451CA15F7D001CCECD;
			remoteInfo = iOS_handon_Swift;
		};
		A86668661CA15F7D001CCECD /* PBXContainerItemProxy */ = {
			isa = PBXContainerItemProxy;
			containerPortal = A866683E1CA15F7D001CCECD /* Project object */;
			proxyType = 1;
			remoteGlobalIDString = A86668451CA15F7D001CCECD;
			remoteInfo = iOS_handon_Swift;
		};
/* End PBXContainerItemProxy section */

/* Begin PBXFileReference section */
		A86668461CA15F7D001CCECD /* iOS_handson_Swift.app */ = {isa = PBXFileReference; explicitFileType = wrapper.application; includeInIndex = 0; path = iOS_handson_Swift.app; sourceTree = BUILT_PRODUCTS_DIR; };
		A86668491CA15F7D001CCECD /* AppDelegate.swift */ = {isa = PBXFileReference; lastKnownFileType = sourcecode.swift; path = AppDelegate.swift; sourceTree = "<group>"; };
		A866684B1CA15F7D001CCECD /* ViewController.swift */ = {isa = PBXFileReference; lastKnownFileType = sourcecode.swift; path = ViewController.swift; sourceTree = "<group>"; };
		A866684E1CA15F7D001CCECD /* Base */ = {isa = PBXFileReference; lastKnownFileType = file.storyboard; name = Base; path = Base.lproj/Main.storyboard; sourceTree = "<group>"; };
		A86668501CA15F7D001CCECD /* Assets.xcassets */ = {isa = PBXFileReference; lastKnownFileType = folder.assetcatalog; path = Assets.xcassets; sourceTree = "<group>"; };
		A86668531CA15F7D001CCECD /* Base */ = {isa = PBXFileReference; lastKnownFileType = file.storyboard; name = Base; path = Base.lproj/LaunchScreen.storyboard; sourceTree = "<group>"; };
		A86668551CA15F7D001CCECD /* Info.plist */ = {isa = PBXFileReference; lastKnownFileType = text.plist.xml; path = Info.plist; sourceTree = "<group>"; };
		A866685A1CA15F7D001CCECD /* iOS_handson_Swift.xctest */ = {isa = PBXFileReference; explicitFileType = wrapper.cfbundle; includeInIndex = 0; path = iOS_handson_Swift.xctest; sourceTree = BUILT_PRODUCTS_DIR; };
		A866685E1CA15F7D001CCECD /* iOS_handon_SwiftTests.swift */ = {isa = PBXFileReference; lastKnownFileType = sourcecode.swift; path = iOS_handon_SwiftTests.swift; sourceTree = "<group>"; };
		A86668601CA15F7D001CCECD /* Info.plist */ = {isa = PBXFileReference; lastKnownFileType = text.plist.xml; path = Info.plist; sourceTree = "<group>"; };
		A86668651CA15F7D001CCECD /* iOS_handson_Swift.xctest */ = {isa = PBXFileReference; explicitFileType = wrapper.cfbundle; includeInIndex = 0; path = iOS_handson_Swift.xctest; sourceTree = BUILT_PRODUCTS_DIR; };
		A86668691CA15F7D001CCECD /* iOS_handon_SwiftUITests.swift */ = {isa = PBXFileReference; lastKnownFileType = sourcecode.swift; path = iOS_handon_SwiftUITests.swift; sourceTree = "<group>"; };
		A866686B1CA15F7D001CCECD /* Info.plist */ = {isa = PBXFileReference; lastKnownFileType = text.plist.xml; path = Info.plist; sourceTree = "<group>"; };
		A866687A1CA21E4B001CCECD /* SkyWay.framework */ = {isa = PBXFileReference; lastKnownFileType = wrapper.framework; path = SkyWay.framework; sourceTree = "<group>"; };
		A866687C1CA21EB9001CCECD /* iOS_handon_Swift_Bridging-Header.h */ = {isa = PBXFileReference; lastKnownFileType = sourcecode.c.h; path = "iOS_handon_Swift_Bridging-Header.h"; sourceTree = SOURCE_ROOT; };
		A86668851CA3D576001CCECD /* PeerListViewController.swift */ = {isa = PBXFileReference; fileEncoding = 4; lastKnownFileType = sourcecode.swift; path = PeerListViewController.swift; sourceTree = "<group>"; };
		A86668891CA40051001CCECD /* DataConnectionViewController.swift */ = {isa = PBXFileReference; fileEncoding = 4; lastKnownFileType = sourcecode.swift; name = DataConnectionViewController.swift; path = ../DataConnectionViewController.swift; sourceTree = "<group>"; };
		A86B7AEB1CA1A13100EA9575 /* MediaConnectionViewController.swift */ = {isa = PBXFileReference; fileEncoding = 4; lastKnownFileType = sourcecode.swift; path = MediaConnectionViewController.swift; sourceTree = "<group>"; };
		A86B7AF01CA1A30600EA9575 /* AudioToolbox.framework */ = {isa = PBXFileReference; lastKnownFileType = wrapper.framework; name = AudioToolbox.framework; path = System/Library/Frameworks/AudioToolbox.framework; sourceTree = SDKROOT; };
		A86B7AF21CA1A30D00EA9575 /* AVFoundation.framework */ = {isa = PBXFileReference; lastKnownFileType = wrapper.framework; name = AVFoundation.framework; path = System/Library/Frameworks/AVFoundation.framework; sourceTree = SDKROOT; };
		A86B7AF41CA1A31500EA9575 /* CoreMedia.framework */ = {isa = PBXFileReference; lastKnownFileType = wrapper.framework; name = CoreMedia.framework; path = System/Library/Frameworks/CoreMedia.framework; sourceTree = SDKROOT; };
		A86B7AF61CA1A31F00EA9575 /* CoreVideo.framework */ = {isa = PBXFileReference; lastKnownFileType = wrapper.framework; name = CoreVideo.framework; path = System/Library/Frameworks/CoreVideo.framework; sourceTree = SDKROOT; };
		A86B7AF81CA1A32900EA9575 /* VideoToolbox.framework */ = {isa = PBXFileReference; lastKnownFileType = wrapper.framework; name = VideoToolbox.framework; path = System/Library/Frameworks/VideoToolbox.framework; sourceTree = SDKROOT; };
		A86B7AFA1CA1A33300EA9575 /* CoreGraphics.framework */ = {isa = PBXFileReference; lastKnownFileType = wrapper.framework; name = CoreGraphics.framework; path = System/Library/Frameworks/CoreGraphics.framework; sourceTree = SDKROOT; };
		A86B7AFC1CA1A33D00EA9575 /* Foundation.framework */ = {isa = PBXFileReference; lastKnownFileType = wrapper.framework; name = Foundation.framework; path = System/Library/Frameworks/Foundation.framework; sourceTree = SDKROOT; };
		A86B7AFE1CA1A34600EA9575 /* GLKit.framework */ = {isa = PBXFileReference; lastKnownFileType = wrapper.framework; name = GLKit.framework; path = System/Library/Frameworks/GLKit.framework; sourceTree = SDKROOT; };
		A86B7B001CA1A35200EA9575 /* SystemConfiguration.framework */ = {isa = PBXFileReference; lastKnownFileType = wrapper.framework; name = SystemConfiguration.framework; path = System/Library/Frameworks/SystemConfiguration.framework; sourceTree = SDKROOT; };
		A86B7B021CA1A38900EA9575 /* libc++.tbd */ = {isa = PBXFileReference; lastKnownFileType = "sourcecode.text-based-dylib-definition"; name = "libc++.tbd"; path = "usr/lib/libc++.tbd"; sourceTree = SDKROOT; };
		A86B7B041CA1A39700EA9575 /* libstdc++.6.0.9.tbd */ = {isa = PBXFileReference; lastKnownFileType = "sourcecode.text-based-dylib-definition"; name = "libstdc++.6.0.9.tbd"; path = "usr/lib/libstdc++.6.0.9.tbd"; sourceTree = SDKROOT; };
		A86B7B061CA1A3A400EA9575 /* libsqlite3.tbd */ = {isa = PBXFileReference; lastKnownFileType = "sourcecode.text-based-dylib-definition"; name = libsqlite3.tbd; path = usr/lib/libsqlite3.tbd; sourceTree = SDKROOT; };
		A86B7B081CA1A3B000EA9575 /* libicucore.tbd */ = {isa = PBXFileReference; lastKnownFileType = "sourcecode.text-based-dylib-definition"; name = libicucore.tbd; path = usr/lib/libicucore.tbd; sourceTree = SDKROOT; };
/* End PBXFileReference section */

/* Begin PBXFrameworksBuildPhase section */
		A86668431CA15F7D001CCECD /* Frameworks */ = {
			isa = PBXFrameworksBuildPhase;
			buildActionMask = 2147483647;
			files = (
				A866687B1CA21E4B001CCECD /* SkyWay.framework in Frameworks */,
				A86B7B091CA1A3B000EA9575 /* libicucore.tbd in Frameworks */,
				A86B7B071CA1A3A400EA9575 /* libsqlite3.tbd in Frameworks */,
				A86B7B051CA1A39700EA9575 /* libstdc++.6.0.9.tbd in Frameworks */,
				A86B7B031CA1A38900EA9575 /* libc++.tbd in Frameworks */,
				A86B7B011CA1A35200EA9575 /* SystemConfiguration.framework in Frameworks */,
				A86B7AFF1CA1A34600EA9575 /* GLKit.framework in Frameworks */,
				A86B7AFD1CA1A33D00EA9575 /* Foundation.framework in Frameworks */,
				A86B7AFB1CA1A33300EA9575 /* CoreGraphics.framework in Frameworks */,
				A86B7AF91CA1A32A00EA9575 /* VideoToolbox.framework in Frameworks */,
				A86B7AF71CA1A31F00EA9575 /* CoreVideo.framework in Frameworks */,
				A86B7AF51CA1A31500EA9575 /* CoreMedia.framework in Frameworks */,
				A86B7AF31CA1A30D00EA9575 /* AVFoundation.framework in Frameworks */,
				A86B7AF11CA1A30600EA9575 /* AudioToolbox.framework in Frameworks */,
			);
			runOnlyForDeploymentPostprocessing = 0;
		};
		A86668571CA15F7D001CCECD /* Frameworks */ = {
			isa = PBXFrameworksBuildPhase;
			buildActionMask = 2147483647;
			files = (
			);
			runOnlyForDeploymentPostprocessing = 0;
		};
		A86668621CA15F7D001CCECD /* Frameworks */ = {
			isa = PBXFrameworksBuildPhase;
			buildActionMask = 2147483647;
			files = (
			);
			runOnlyForDeploymentPostprocessing = 0;
		};
/* End PBXFrameworksBuildPhase section */

/* Begin PBXGroup section */
		A866683D1CA15F7D001CCECD = {
			isa = PBXGroup;
			children = (
				A866687A1CA21E4B001CCECD /* SkyWay.framework */,
				A86B7B081CA1A3B000EA9575 /* libicucore.tbd */,
				A86B7B061CA1A3A400EA9575 /* libsqlite3.tbd */,
				A86B7B041CA1A39700EA9575 /* libstdc++.6.0.9.tbd */,
				A86B7B021CA1A38900EA9575 /* libc++.tbd */,
				A86B7B001CA1A35200EA9575 /* SystemConfiguration.framework */,
				A86B7AFE1CA1A34600EA9575 /* GLKit.framework */,
				A86B7AFC1CA1A33D00EA9575 /* Foundation.framework */,
				A86B7AFA1CA1A33300EA9575 /* CoreGraphics.framework */,
				A86B7AF81CA1A32900EA9575 /* VideoToolbox.framework */,
				A86B7AF61CA1A31F00EA9575 /* CoreVideo.framework */,
				A86B7AF41CA1A31500EA9575 /* CoreMedia.framework */,
				A86B7AF21CA1A30D00EA9575 /* AVFoundation.framework */,
				A86B7AF01CA1A30600EA9575 /* AudioToolbox.framework */,
				A86668481CA15F7D001CCECD /* iOS_handon_Swift */,
				A866685D1CA15F7D001CCECD /* iOS_handon_SwiftTests */,
				A86668681CA15F7D001CCECD /* iOS_handon_SwiftUITests */,
				A86668471CA15F7D001CCECD /* Products */,
			);
			sourceTree = "<group>";
		};
		A86668471CA15F7D001CCECD /* Products */ = {
			isa = PBXGroup;
			children = (
				A86668461CA15F7D001CCECD /* iOS_handson_Swift.app */,
				A866685A1CA15F7D001CCECD /* iOS_handson_Swift.xctest */,
				A86668651CA15F7D001CCECD /* iOS_handson_Swift.xctest */,
			);
			name = Products;
			sourceTree = "<group>";
		};
		A86668481CA15F7D001CCECD /* iOS_handon_Swift */ = {
			isa = PBXGroup;
			children = (
				A86668491CA15F7D001CCECD /* AppDelegate.swift */,
				A866684B1CA15F7D001CCECD /* ViewController.swift */,
				A86668891CA40051001CCECD /* DataConnectionViewController.swift */,
				A86B7AEB1CA1A13100EA9575 /* MediaConnectionViewController.swift */,
				A866687C1CA21EB9001CCECD /* iOS_handon_Swift_Bridging-Header.h */,
				A866684D1CA15F7D001CCECD /* Main.storyboard */,
				A86668851CA3D576001CCECD /* PeerListViewController.swift */,
				A86668501CA15F7D001CCECD /* Assets.xcassets */,
				A86668521CA15F7D001CCECD /* LaunchScreen.storyboard */,
				A86668551CA15F7D001CCECD /* Info.plist */,
			);
			path = iOS_handon_Swift;
			sourceTree = "<group>";
		};
		A866685D1CA15F7D001CCECD /* iOS_handon_SwiftTests */ = {
			isa = PBXGroup;
			children = (
				A866685E1CA15F7D001CCECD /* iOS_handon_SwiftTests.swift */,
				A86668601CA15F7D001CCECD /* Info.plist */,
			);
			path = iOS_handon_SwiftTests;
			sourceTree = "<group>";
		};
		A86668681CA15F7D001CCECD /* iOS_handon_SwiftUITests */ = {
			isa = PBXGroup;
			children = (
				A86668691CA15F7D001CCECD /* iOS_handon_SwiftUITests.swift */,
				A866686B1CA15F7D001CCECD /* Info.plist */,
			);
			path = iOS_handon_SwiftUITests;
			sourceTree = "<group>";
		};
/* End PBXGroup section */

/* Begin PBXNativeTarget section */
		A86668451CA15F7D001CCECD /* iOS_handson_Swift */ = {
			isa = PBXNativeTarget;
			buildConfigurationList = A866686E1CA15F7D001CCECD /* Build configuration list for PBXNativeTarget "iOS_handson_Swift" */;
			buildPhases = (
				A86668421CA15F7D001CCECD /* Sources */,
				A86668431CA15F7D001CCECD /* Frameworks */,
				A86668441CA15F7D001CCECD /* Resources */,
			);
			buildRules = (
			);
			dependencies = (
			);
			name = iOS_handson_Swift;
			productName = iOS_handon_Swift;
			productReference = A86668461CA15F7D001CCECD /* iOS_handson_Swift.app */;
			productType = "com.apple.product-type.application";
		};
		A86668591CA15F7D001CCECD /* iOS_handson_SwiftTests */ = {
			isa = PBXNativeTarget;
			buildConfigurationList = A86668711CA15F7D001CCECD /* Build configuration list for PBXNativeTarget "iOS_handson_SwiftTests" */;
			buildPhases = (
				A86668561CA15F7D001CCECD /* Sources */,
				A86668571CA15F7D001CCECD /* Frameworks */,
				A86668581CA15F7D001CCECD /* Resources */,
			);
			buildRules = (
			);
			dependencies = (
				A866685C1CA15F7D001CCECD /* PBXTargetDependency */,
			);
			name = iOS_handson_SwiftTests;
			productName = iOS_handon_SwiftTests;
			productReference = A866685A1CA15F7D001CCECD /* iOS_handson_Swift.xctest */;
			productType = "com.apple.product-type.bundle.unit-test";
		};
		A86668641CA15F7D001CCECD /* iOS_handson_SwiftUITests */ = {
			isa = PBXNativeTarget;
			buildConfigurationList = A86668741CA15F7D001CCECD /* Build configuration list for PBXNativeTarget "iOS_handson_SwiftUITests" */;
			buildPhases = (
				A86668611CA15F7D001CCECD /* Sources */,
				A86668621CA15F7D001CCECD /* Frameworks */,
				A86668631CA15F7D001CCECD /* Resources */,
			);
			buildRules = (
			);
			dependencies = (
				A86668671CA15F7D001CCECD /* PBXTargetDependency */,
			);
			name = iOS_handson_SwiftUITests;
			productName = iOS_handon_SwiftUITests;
			productReference = A86668651CA15F7D001CCECD /* iOS_handson_Swift.xctest */;
			productType = "com.apple.product-type.bundle.ui-testing";
		};
/* End PBXNativeTarget section */

/* Begin PBXProject section */
		A866683E1CA15F7D001CCECD /* Project object */ = {
			isa = PBXProject;
			attributes = {
				LastSwiftUpdateCheck = 0720;
				LastUpgradeCheck = 0720;
				ORGANIZATIONNAME = ntt.com;
				TargetAttributes = {
					A86668451CA15F7D001CCECD = {
						CreatedOnToolsVersion = 7.2;
						DevelopmentTeam = YP76R8KFZE;
					};
					A86668591CA15F7D001CCECD = {
						CreatedOnToolsVersion = 7.2;
						TestTargetID = A86668451CA15F7D001CCECD;
					};
					A86668641CA15F7D001CCECD = {
						CreatedOnToolsVersion = 7.2;
						TestTargetID = A86668451CA15F7D001CCECD;
					};
				};
			};
			buildConfigurationList = A86668411CA15F7D001CCECD /* Build configuration list for PBXProject "iOS_handson_Swift" */;
			compatibilityVersion = "Xcode 3.2";
			developmentRegion = English;
			hasScannedForEncodings = 0;
			knownRegions = (
				en,
				Base,
			);
			mainGroup = A866683D1CA15F7D001CCECD;
			productRefGroup = A86668471CA15F7D001CCECD /* Products */;
			projectDirPath = "";
			projectRoot = "";
			targets = (
				A86668451CA15F7D001CCECD /* iOS_handson_Swift */,
				A86668591CA15F7D001CCECD /* iOS_handson_SwiftTests */,
				A86668641CA15F7D001CCECD /* iOS_handson_SwiftUITests */,
			);
		};
/* End PBXProject section */

/* Begin PBXResourcesBuildPhase section */
		A86668441CA15F7D001CCECD /* Resources */ = {
			isa = PBXResourcesBuildPhase;
			buildActionMask = 2147483647;
			files = (
				A86668541CA15F7D001CCECD /* LaunchScreen.storyboard in Resources */,
				A86668511CA15F7D001CCECD /* Assets.xcassets in Resources */,
				A866684F1CA15F7D001CCECD /* Main.storyboard in Resources */,
			);
			runOnlyForDeploymentPostprocessing = 0;
		};
		A86668581CA15F7D001CCECD /* Resources */ = {
			isa = PBXResourcesBuildPhase;
			buildActionMask = 2147483647;
			files = (
			);
			runOnlyForDeploymentPostprocessing = 0;
		};
		A86668631CA15F7D001CCECD /* Resources */ = {
			isa = PBXResourcesBuildPhase;
			buildActionMask = 2147483647;
			files = (
			);
			runOnlyForDeploymentPostprocessing = 0;
		};
/* End PBXResourcesBuildPhase section */

/* Begin PBXSourcesBuildPhase section */
		A86668421CA15F7D001CCECD /* Sources */ = {
			isa = PBXSourcesBuildPhase;
			buildActionMask = 2147483647;
			files = (
				A866684C1CA15F7D001CCECD /* ViewController.swift in Sources */,
				A866688A1CA40051001CCECD /* DataConnectionViewController.swift in Sources */,
				A86668861CA3D576001CCECD /* PeerListViewController.swift in Sources */,
				A866684A1CA15F7D001CCECD /* AppDelegate.swift in Sources */,
				A86B7AEC1CA1A13100EA9575 /* MediaConnectionViewController.swift in Sources */,
			);
			runOnlyForDeploymentPostprocessing = 0;
		};
		A86668561CA15F7D001CCECD /* Sources */ = {
			isa = PBXSourcesBuildPhase;
			buildActionMask = 2147483647;
			files = (
				A866685F1CA15F7D001CCECD /* iOS_handon_SwiftTests.swift in Sources */,
			);
			runOnlyForDeploymentPostprocessing = 0;
		};
		A86668611CA15F7D001CCECD /* Sources */ = {
			isa = PBXSourcesBuildPhase;
			buildActionMask = 2147483647;
			files = (
				A866686A1CA15F7D001CCECD /* iOS_handon_SwiftUITests.swift in Sources */,
			);
			runOnlyForDeploymentPostprocessing = 0;
		};
/* End PBXSourcesBuildPhase section */

/* Begin PBXTargetDependency section */
		A866685C1CA15F7D001CCECD /* PBXTargetDependency */ = {
			isa = PBXTargetDependency;
			target = A86668451CA15F7D001CCECD /* iOS_handson_Swift */;
			targetProxy = A866685B1CA15F7D001CCECD /* PBXContainerItemProxy */;
		};
		A86668671CA15F7D001CCECD /* PBXTargetDependency */ = {
			isa = PBXTargetDependency;
			target = A86668451CA15F7D001CCECD /* iOS_handson_Swift */;
			targetProxy = A86668661CA15F7D001CCECD /* PBXContainerItemProxy */;
		};
/* End PBXTargetDependency section */

/* Begin PBXVariantGroup section */
		A866684D1CA15F7D001CCECD /* Main.storyboard */ = {
			isa = PBXVariantGroup;
			children = (
				A866684E1CA15F7D001CCECD /* Base */,
			);
			name = Main.storyboard;
			sourceTree = "<group>";
		};
		A86668521CA15F7D001CCECD /* LaunchScreen.storyboard */ = {
			isa = PBXVariantGroup;
			children = (
				A86668531CA15F7D001CCECD /* Base */,
			);
			name = LaunchScreen.storyboard;
			sourceTree = "<group>";
		};
/* End PBXVariantGroup section */

/* Begin XCBuildConfiguration section */
		A866686C1CA15F7D001CCECD /* Debug */ = {
			isa = XCBuildConfiguration;
			buildSettings = {
				ALWAYS_SEARCH_USER_PATHS = NO;
				CLANG_CXX_LANGUAGE_STANDARD = "gnu++0x";
				CLANG_CXX_LIBRARY = "libc++";
				CLANG_ENABLE_MODULES = YES;
				CLANG_ENABLE_OBJC_ARC = YES;
				CLANG_WARN_BOOL_CONVERSION = YES;
				CLANG_WARN_CONSTANT_CONVERSION = YES;
				CLANG_WARN_DIRECT_OBJC_ISA_USAGE = YES_ERROR;
				CLANG_WARN_EMPTY_BODY = YES;
				CLANG_WARN_ENUM_CONVERSION = YES;
				CLANG_WARN_INT_CONVERSION = YES;
				CLANG_WARN_OBJC_ROOT_CLASS = YES_ERROR;
				CLANG_WARN_UNREACHABLE_CODE = YES;
				CLANG_WARN__DUPLICATE_METHOD_MATCH = YES;
				"CODE_SIGN_IDENTITY[sdk=iphoneos*]" = "iPhone Developer";
				COPY_PHASE_STRIP = NO;
				DEBUG_INFORMATION_FORMAT = dwarf;
				ENABLE_STRICT_OBJC_MSGSEND = YES;
				ENABLE_TESTABILITY = YES;
				GCC_C_LANGUAGE_STANDARD = gnu99;
				GCC_DYNAMIC_NO_PIC = NO;
				GCC_NO_COMMON_BLOCKS = YES;
				GCC_OPTIMIZATION_LEVEL = 0;
				GCC_PREPROCESSOR_DEFINITIONS = (
					"DEBUG=1",
					"$(inherited)",
				);
				GCC_WARN_64_TO_32_BIT_CONVERSION = YES;
				GCC_WARN_ABOUT_RETURN_TYPE = YES_ERROR;
				GCC_WARN_UNDECLARED_SELECTOR = YES;
				GCC_WARN_UNINITIALIZED_AUTOS = YES_AGGRESSIVE;
				GCC_WARN_UNUSED_FUNCTION = YES;
				GCC_WARN_UNUSED_VARIABLE = YES;
				IPHONEOS_DEPLOYMENT_TARGET = 9.2;
				MTL_ENABLE_DEBUG_INFO = YES;
				ONLY_ACTIVE_ARCH = YES;
				SDKROOT = iphoneos;
				SWIFT_OPTIMIZATION_LEVEL = "-Onone";
			};
			name = Debug;
		};
		A866686D1CA15F7D001CCECD /* Release */ = {
			isa = XCBuildConfiguration;
			buildSettings = {
				ALWAYS_SEARCH_USER_PATHS = NO;
				CLANG_CXX_LANGUAGE_STANDARD = "gnu++0x";
				CLANG_CXX_LIBRARY = "libc++";
				CLANG_ENABLE_MODULES = YES;
				CLANG_ENABLE_OBJC_ARC = YES;
				CLANG_WARN_BOOL_CONVERSION = YES;
				CLANG_WARN_CONSTANT_CONVERSION = YES;
				CLANG_WARN_DIRECT_OBJC_ISA_USAGE = YES_ERROR;
				CLANG_WARN_EMPTY_BODY = YES;
				CLANG_WARN_ENUM_CONVERSION = YES;
				CLANG_WARN_INT_CONVERSION = YES;
				CLANG_WARN_OBJC_ROOT_CLASS = YES_ERROR;
				CLANG_WARN_UNREACHABLE_CODE = YES;
				CLANG_WARN__DUPLICATE_METHOD_MATCH = YES;
				"CODE_SIGN_IDENTITY[sdk=iphoneos*]" = "iPhone Developer";
				COPY_PHASE_STRIP = NO;
				DEBUG_INFORMATION_FORMAT = "dwarf-with-dsym";
				ENABLE_NS_ASSERTIONS = NO;
				ENABLE_STRICT_OBJC_MSGSEND = YES;
				GCC_C_LANGUAGE_STANDARD = gnu99;
				GCC_NO_COMMON_BLOCKS = YES;
				GCC_WARN_64_TO_32_BIT_CONVERSION = YES;
				GCC_WARN_ABOUT_RETURN_TYPE = YES_ERROR;
				GCC_WARN_UNDECLARED_SELECTOR = YES;
				GCC_WARN_UNINITIALIZED_AUTOS = YES_AGGRESSIVE;
				GCC_WARN_UNUSED_FUNCTION = YES;
				GCC_WARN_UNUSED_VARIABLE = YES;
				IPHONEOS_DEPLOYMENT_TARGET = 9.2;
				MTL_ENABLE_DEBUG_INFO = NO;
				SDKROOT = iphoneos;
				VALIDATE_PRODUCT = YES;
			};
			name = Release;
		};
		A866686F1CA15F7D001CCECD /* Debug */ = {
			isa = XCBuildConfiguration;
			buildSettings = {
				ASSETCATALOG_COMPILER_APPICON_NAME = AppIcon;
				CODE_SIGN_IDENTITY = "iPhone Developer";
				"CODE_SIGN_IDENTITY[sdk=iphoneos*]" = "iPhone Developer";
				ENABLE_BITCODE = NO;
				FRAMEWORK_SEARCH_PATHS = (
					"$(inherited)",
					"$(PROJECT_DIR)",
				);
				INFOPLIST_FILE = iOS_handon_Swift/Info.plist;
				IPHONEOS_DEPLOYMENT_TARGET = 8.0;
				LD_RUNPATH_SEARCH_PATHS = "$(inherited) @executable_path/Frameworks";
				OTHER_LDFLAGS = "-ObjC";
				PRODUCT_BUNDLE_IDENTIFIER = "io.skyway.iOS-handon-Swift";
				PRODUCT_NAME = iOS_handson_Swift;
				PROVISIONING_PROFILE = "";
				SWIFT_OBJC_BRIDGING_HEADER = "iOS_handon_Swift_Bridging-Header.h";
			};
			name = Debug;
		};
		A86668701CA15F7D001CCECD /* Release */ = {
			isa = XCBuildConfiguration;
			buildSettings = {
				ASSETCATALOG_COMPILER_APPICON_NAME = AppIcon;
				CODE_SIGN_IDENTITY = "iPhone Developer";
				"CODE_SIGN_IDENTITY[sdk=iphoneos*]" = "iPhone Developer";
				ENABLE_BITCODE = NO;
				FRAMEWORK_SEARCH_PATHS = (
					"$(inherited)",
					"$(PROJECT_DIR)",
				);
				INFOPLIST_FILE = iOS_handon_Swift/Info.plist;
				IPHONEOS_DEPLOYMENT_TARGET = 8.0;
				LD_RUNPATH_SEARCH_PATHS = "$(inherited) @executable_path/Frameworks";
				OTHER_LDFLAGS = "-ObjC";
				PRODUCT_BUNDLE_IDENTIFIER = "io.skyway.iOS-handon-Swift";
				PRODUCT_NAME = iOS_handson_Swift;
				PROVISIONING_PROFILE = "";
				SWIFT_OBJC_BRIDGING_HEADER = "iOS_handon_Swift_Bridging-Header.h";
			};
			name = Release;
		};
		A86668721CA15F7D001CCECD /* Debug */ = {
			isa = XCBuildConfiguration;
			buildSettings = {
				BUNDLE_LOADER = "$(TEST_HOST)";
				INFOPLIST_FILE = iOS_handon_SwiftTests/Info.plist;
				LD_RUNPATH_SEARCH_PATHS = "$(inherited) @executable_path/Frameworks @loader_path/Frameworks";
				PRODUCT_BUNDLE_IDENTIFIER = "io.skyway.iOS-handon-SwiftTests";
				PRODUCT_NAME = iOS_handson_Swift;
				TEST_HOST = "$(BUILT_PRODUCTS_DIR)/iOS_handson_Swift.app/iOS_handson_Swift";
			};
			name = Debug;
		};
		A86668731CA15F7D001CCECD /* Release */ = {
			isa = XCBuildConfiguration;
			buildSettings = {
				BUNDLE_LOADER = "$(TEST_HOST)";
				INFOPLIST_FILE = iOS_handon_SwiftTests/Info.plist;
				LD_RUNPATH_SEARCH_PATHS = "$(inherited) @executable_path/Frameworks @loader_path/Frameworks";
				PRODUCT_BUNDLE_IDENTIFIER = "io.skyway.iOS-handon-SwiftTests";
				PRODUCT_NAME = iOS_handson_Swift;
				TEST_HOST = "$(BUILT_PRODUCTS_DIR)/iOS_handson_Swift.app/iOS_handson_Swift";
			};
			name = Release;
		};
		A86668751CA15F7D001CCECD /* Debug */ = {
			isa = XCBuildConfiguration;
			buildSettings = {
				INFOPLIST_FILE = iOS_handon_SwiftUITests/Info.plist;
				LD_RUNPATH_SEARCH_PATHS = "$(inherited) @executable_path/Frameworks @loader_path/Frameworks";
				PRODUCT_BUNDLE_IDENTIFIER = "io.skyway.iOS-handon-SwiftUITests";
				PRODUCT_NAME = iOS_handson_Swift;
				TEST_TARGET_NAME = iOS_handon_Swift;
				USES_XCTRUNNER = YES;
			};
			name = Debug;
		};
		A86668761CA15F7D001CCECD /* Release */ = {
			isa = XCBuildConfiguration;
			buildSettings = {
				INFOPLIST_FILE = iOS_handon_SwiftUITests/Info.plist;
				LD_RUNPATH_SEARCH_PATHS = "$(inherited) @executable_path/Frameworks @loader_path/Frameworks";
				PRODUCT_BUNDLE_IDENTIFIER = "io.skyway.iOS-handon-SwiftUITests";
				PRODUCT_NAME = iOS_handson_Swift;
				TEST_TARGET_NAME = iOS_handon_Swift;
				USES_XCTRUNNER = YES;
			};
			name = Release;
		};
/* End XCBuildConfiguration section */

/* Begin XCConfigurationList section */
		A86668411CA15F7D001CCECD /* Build configuration list for PBXProject "iOS_handson_Swift" */ = {
			isa = XCConfigurationList;
			buildConfigurations = (
				A866686C1CA15F7D001CCECD /* Debug */,
				A866686D1CA15F7D001CCECD /* Release */,
			);
			defaultConfigurationIsVisible = 0;
			defaultConfigurationName = Release;
		};
		A866686E1CA15F7D001CCECD /* Build configuration list for PBXNativeTarget "iOS_handson_Swift" */ = {
			isa = XCConfigurationList;
			buildConfigurations = (
				A866686F1CA15F7D001CCECD /* Debug */,
				A86668701CA15F7D001CCECD /* Release */,
			);
			defaultConfigurationIsVisible = 0;
			defaultConfigurationName = Release;
		};
		A86668711CA15F7D001CCECD /* Build configuration list for PBXNativeTarget "iOS_handson_SwiftTests" */ = {
			isa = XCConfigurationList;
			buildConfigurations = (
				A86668721CA15F7D001CCECD /* Debug */,
				A86668731CA15F7D001CCECD /* Release */,
			);
			defaultConfigurationIsVisible = 0;
			defaultConfigurationName = Release;
		};
		A86668741CA15F7D001CCECD /* Build configuration list for PBXNativeTarget "iOS_handson_SwiftUITests" */ = {
			isa = XCConfigurationList;
			buildConfigurations = (
				A86668751CA15F7D001CCECD /* Debug */,
				A86668761CA15F7D001CCECD /* Release */,
			);
			defaultConfigurationIsVisible = 0;
			defaultConfigurationName = Release;
		};
/* End XCConfigurationList section */
	};
	rootObject = A866683E1CA15F7D001CCECD /* Project object */;
}
